
Microsoft Visual Studio Solution File, Format Version 12.00
# Visual Studio Version 16
VisualStudioVersion = 16.0.29020.237
MinimumVisualStudioVersion = 10.0.40219.1
Project("{FAE04EC0-301F-11D3-BF4B-00C04F79EFBC}") = "YellowExtension", "YellowExtension\YellowExtension.csproj", "{2A3C46E5-7F3F-4B80-9521-0337EB9A5AFC}"
EndProject
Global
	GlobalSection(SolutionConfigurationPlatforms) = preSolution
		Debug|Any CPU = Debug|Any CPU
		Release|Any CPU = Release|Any CPU
	EndGlobalSection
	GlobalSection(ProjectConfigurationPlatforms) = postSolution
		{2A3C46E5-7F3F-4B80-9521-0337EB9A5AFC}.Debug|Any CPU.ActiveCfg = Debug|Any CPU
		{2A3C46E5-7F3F-4B80-9521-0337EB9A5AFC}.Debug|Any CPU.Build.0 = Debug|Any CPU
		{2A3C46E5-7F3F-4B80-9521-0337EB9A5AFC}.Release|Any CPU.ActiveCfg = Release|Any CPU
		{2A3C46E5-7F3F-4B80-9521-0337EB9A5AFC}.Release|Any CPU.Build.0 = Release|Any CPU
	EndGlobalSection
	GlobalSection(SolutionProperties) = preSolution
		HideSolutionNode = FALSE
	EndGlobalSection
	GlobalSection(ExtensibilityGlobals) = postSolution
		SolutionGuid = {55CF4AF1-2097-49BE-AB06-F8477072F223}
	EndGlobalSection
EndGlobal
